
Microsoft Visual Studio Solution File, Format Version 12.00
# Visual Studio Version 17
VisualStudioVersion = 17.7.34221.43
MinimumVisualStudioVersion = 10.0.40219.1
Project("{FAE04EC0-301F-11D3-BF4B-00C04F79EFBC}") = "Homework 9", "Homework 9\Homework 9.csproj", "{60D1A22E-3302-4F0A-91FA-2ABE171780DB}"
EndProject
Global
	GlobalSection(SolutionConfigurationPlatforms) = preSolution
		Debug|Any CPU = Debug|Any CPU
		Release|Any CPU = Release|Any CPU
	EndGlobalSection
	GlobalSection(ProjectConfigurationPlatforms) = postSolution
		{60D1A22E-3302-4F0A-91FA-2ABE171780DB}.Debug|Any CPU.ActiveCfg = Debug|Any CPU
		{60D1A22E-3302-4F0A-91FA-2ABE171780DB}.Debug|Any CPU.Build.0 = Debug|Any CPU
		{60D1A22E-3302-4F0A-91FA-2ABE171780DB}.Release|Any CPU.ActiveCfg = Release|Any CPU
		{60D1A22E-3302-4F0A-91FA-2ABE171780DB}.Release|Any CPU.Build.0 = Release|Any CPU
	EndGlobalSection
	GlobalSection(SolutionProperties) = preSolution
		HideSolutionNode = FALSE
	EndGlobalSection
	GlobalSection(ExtensibilityGlobals) = postSolution
		SolutionGuid = {A2F7827D-D564-4709-A699-925885A4AD72}
	EndGlobalSection
EndGlobal
